{
  "name": "chartjs_sample",
  "lockfileVersion": 2,
  "requires": true,
  "packages": {
    "": {
      "devDependencies": {
        "@types/chart.js": "^2.9.34",
        "typescript": "^4.5.2"
      }
    },
    "node_modules/@types/chart.js": {
      "version": "2.9.34",
      "resolved": "https://registry.npmjs.org/@types/chart.js/-/chart.js-2.9.34.tgz",
      "integrity": "sha512-CtZVk+kh1IN67dv+fB0CWmCLCRrDJgqOj15qPic2B1VCMovNO6B7Vhf/TgPpNscjhAL1j+qUntDMWb9A4ZmPTg==",
      "dev": true,
      "dependencies": {
        "moment": "^2.10.2"
      }
    },
    "node_modules/moment": {
      "version": "2.29.1",
      "resolved": "https://registry.npmjs.org/moment/-/moment-2.29.1.tgz",
      "integrity": "sha512-kHmoybcPV8Sqy59DwNDY3Jefr64lK/by/da0ViFcuA4DH0vQg5Q6Ze5VimxkfQNSC+Mls/Kx53s7TjP1RhFEDQ==",
      "dev": true,
      "engines": {
        "node": "*"
      }
    },
    "node_modules/typescript": {
      "version": "4.5.2",
      "resolved": "https://registry.npmjs.org/typescript/-/typescript-4.5.2.tgz",
      "integrity": "sha512-5BlMof9H1yGt0P8/WF+wPNw6GfctgGjXp5hkblpyT+8rkASSmkUKMXrxR0Xg8ThVCi/JnHQiKXeBaEwCeQwMFw==",
      "dev": true,
      "bin": {
        "tsc": "bin/tsc",
        "tsserver": "bin/tsserver"
      },
      "engines": {
        "node": ">=4.2.0"
      }
    }
  },
  "dependencies": {
    "@types/chart.js": {
      "version": "2.9.34",
      "resolved": "https://registry.npmjs.org/@types/chart.js/-/chart.js-2.9.34.tgz",
      "integrity": "sha512-CtZVk+kh1IN67dv+fB0CWmCLCRrDJgqOj15qPic2B1VCMovNO6B7Vhf/TgPpNscjhAL1j+qUntDMWb9A4ZmPTg==",
      "dev": true,
      "requires": {
        "moment": "^2.10.2"
      }
    },
    "moment": {
      "version": "2.29.1",
      "resolved": "https://registry.npmjs.org/moment/-/moment-2.29.1.tgz",
      "integrity": "sha512-kHmoybcPV8Sqy59DwNDY3Jefr64lK/by/da0ViFcuA4DH0vQg5Q6Ze5VimxkfQNSC+Mls/Kx53s7TjP1RhFEDQ==",
      "dev": true
    },
    "typescript": {
      "version": "4.5.2",
      "resolved": "https://registry.npmjs.org/typescript/-/typescript-4.5.2.tgz",
      "integrity": "sha512-5BlMof9H1yGt0P8/WF+wPNw6GfctgGjXp5hkblpyT+8rkASSmkUKMXrxR0Xg8ThVCi/JnHQiKXeBaEwCeQwMFw==",
      "dev": true
    }
  }
}
